
Microsoft Visual Studio Solution File, Format Version 12.00
# Visual Studio Version 17
VisualStudioVersion = 17.0.31903.59
MinimumVisualStudioVersion = 10.0.40219.1
Project("{2150E333-8FDC-42A3-9474-1A3956D46DE8}") = "1 - APIs", "1 - APIs", "{E89998D1-D55F-440E-8E85-3066EBED3D89}"
EndProject
Project("{2150E333-8FDC-42A3-9474-1A3956D46DE8}") = "2 - Workers", "2 - Workers", "{206E8BA0-5FA3-498C-8843-E16BFD216136}"
EndProject
Project("{2150E333-8FDC-42A3-9474-1A3956D46DE8}") = "3 - Application", "3 - Application", "{323AB38F-8385-44B2-B336-7A522DCB06C4}"
EndProject
Project("{2150E333-8FDC-42A3-9474-1A3956D46DE8}") = "4 - Domain", "4 - Domain", "{FE1CDF5B-5EF9-42EE-A76F-20C3715CAC08}"
EndProject
Project("{2150E333-8FDC-42A3-9474-1A3956D46DE8}") = "5 - Infra", "5 - Infra", "{8BFCD9C4-9148-446A-961A-01851CD1BA38}"
EndProject
Project("{2150E333-8FDC-42A3-9474-1A3956D46DE8}") = "6 - CrossCutting", "6 - CrossCutting", "{267A7A95-E39B-42E9-9F6A-D2BE465D4489}"
EndProject
Project("{2150E333-8FDC-42A3-9474-1A3956D46DE8}") = "7 - Tests", "7 - Tests", "{3030D91A-59B6-457E-A0C4-8DA34C8F1FE3}"
EndProject
Project("{2150E333-8FDC-42A3-9474-1A3956D46DE8}") = "7.1 - Unit", "7.1 - Unit", "{5D6A39C3-2F12-4EFB-8986-209DA36FED91}"
EndProject
Project("{2150E333-8FDC-42A3-9474-1A3956D46DE8}") = "7.2 - Integration", "7.2 - Integration", "{6074377D-FC28-41E3-A378-F01D9413D24E}"
EndProject
Project("{2150E333-8FDC-42A3-9474-1A3956D46DE8}") = "7.3 - Shared", "7.3 - Shared", "{829DE34C-156C-4123-9482-EFDB291DC3C4}"
EndProject
Project("{9A19103F-16F7-4668-BE54-9A1E7A4F7556}") = "CreateAPI", "APIs\CreateAPI\CreateAPI.csproj", "{44E638BE-7FF9-4864-9846-55FE2C75A9CF}"
EndProject
Project("{9A19103F-16F7-4668-BE54-9A1E7A4F7556}") = "DeleteAPI", "APIs\DeleteAPI\DeleteAPI.csproj", "{3723B8CA-027E-4AB6-89C3-37D523BA9E8F}"
EndProject
Project("{9A19103F-16F7-4668-BE54-9A1E7A4F7556}") = "ReadAPI", "APIs\ReadAPI\ReadAPI.csproj", "{892B1B5E-F34B-4145-BF9F-04F1D56E364C}"
EndProject
Project("{9A19103F-16F7-4668-BE54-9A1E7A4F7556}") = "UpdateAPI", "APIs\UpdateAPI\UpdateAPI.csproj", "{5F5FDF54-FF52-4587-9EBE-A2542928E1F0}"
EndProject
Project("{9A19103F-16F7-4668-BE54-9A1E7A4F7556}") = "Application", "Application\Application.csproj", "{27284A54-B922-4FAA-97A9-E6A909F515AE}"
EndProject
Project("{9A19103F-16F7-4668-BE54-9A1E7A4F7556}") = "Domain", "Domain\Domain.csproj", "{A1AFA50C-CCD1-48BB-89A8-637ECA24A10F}"
EndProject
Project("{9A19103F-16F7-4668-BE54-9A1E7A4F7556}") = "Infra", "Infra\Infra.csproj", "{D87F0593-E9DE-4F5F-AFD1-60B1C8A641AC}"
EndProject
Project("{9A19103F-16F7-4668-BE54-9A1E7A4F7556}") = "CrossCutting", "CrossCutting\CrossCutting.csproj", "{3B7D612E-F3EF-4C6D-898E-993BC080E9FB}"
EndProject
Project("{9A19103F-16F7-4668-BE54-9A1E7A4F7556}") = "Shared", "Tests\Shared\Shared.csproj", "{E4BD0A1D-5C2C-4D98-84FB-9536161F932F}"
EndProject
Project("{9A19103F-16F7-4668-BE54-9A1E7A4F7556}") = "Unit", "Tests\Unit\Unit.csproj", "{CC9639D5-08FB-4FC0-B812-B8542B44B7F6}"
EndProject
Project("{9A19103F-16F7-4668-BE54-9A1E7A4F7556}") = "Integration", "Tests\Integration\Integration.csproj", "{51A79367-623E-4D9C-ACE9-5AF15A46F2DB}"
EndProject
Project("{9A19103F-16F7-4668-BE54-9A1E7A4F7556}") = "CreateWorker", "Workers\CreateWorker\CreateWorker.csproj", "{082FB18F-6E08-4E0A-AD8B-6FDAEF7890CA}"
EndProject
Project("{9A19103F-16F7-4668-BE54-9A1E7A4F7556}") = "UpdateWorker", "Workers\UpdateWorker\UpdateWorker.csproj", "{E43458DA-824F-409C-B22B-CB1DA388E62C}"
EndProject
Project("{9A19103F-16F7-4668-BE54-9A1E7A4F7556}") = "DeleteWorker", "Workers\DeleteWorker\DeleteWorker.csproj", "{16915644-B81D-4CC4-8376-707DB607BE5F}"
	ProjectSection(ProjectDependencies) = postProject
		{27284A54-B922-4FAA-97A9-E6A909F515AE} = {27284A54-B922-4FAA-97A9-E6A909F515AE}
	EndProjectSection
EndProject
Global
	GlobalSection(SolutionConfigurationPlatforms) = preSolution
		Debug|Any CPU = Debug|Any CPU
		Release|Any CPU = Release|Any CPU
	EndGlobalSection
	GlobalSection(ProjectConfigurationPlatforms) = postSolution
		{44E638BE-7FF9-4864-9846-55FE2C75A9CF}.Debug|Any CPU.ActiveCfg = Debug|Any CPU
		{44E638BE-7FF9-4864-9846-55FE2C75A9CF}.Debug|Any CPU.Build.0 = Debug|Any CPU
		{44E638BE-7FF9-4864-9846-55FE2C75A9CF}.Release|Any CPU.ActiveCfg = Release|Any CPU
		{44E638BE-7FF9-4864-9846-55FE2C75A9CF}.Release|Any CPU.Build.0 = Release|Any CPU
		{3723B8CA-027E-4AB6-89C3-37D523BA9E8F}.Debug|Any CPU.ActiveCfg = Debug|Any CPU
		{3723B8CA-027E-4AB6-89C3-37D523BA9E8F}.Debug|Any CPU.Build.0 = Debug|Any CPU
		{3723B8CA-027E-4AB6-89C3-37D523BA9E8F}.Release|Any CPU.ActiveCfg = Release|Any CPU
		{3723B8CA-027E-4AB6-89C3-37D523BA9E8F}.Release|Any CPU.Build.0 = Release|Any CPU
		{892B1B5E-F34B-4145-BF9F-04F1D56E364C}.Debug|Any CPU.ActiveCfg = Debug|Any CPU
		{892B1B5E-F34B-4145-BF9F-04F1D56E364C}.Debug|Any CPU.Build.0 = Debug|Any CPU
		{892B1B5E-F34B-4145-BF9F-04F1D56E364C}.Release|Any CPU.ActiveCfg = Release|Any CPU
		{892B1B5E-F34B-4145-BF9F-04F1D56E364C}.Release|Any CPU.Build.0 = Release|Any CPU
		{5F5FDF54-FF52-4587-9EBE-A2542928E1F0}.Debug|Any CPU.ActiveCfg = Debug|Any CPU
		{5F5FDF54-FF52-4587-9EBE-A2542928E1F0}.Debug|Any CPU.Build.0 = Debug|Any CPU
		{5F5FDF54-FF52-4587-9EBE-A2542928E1F0}.Release|Any CPU.ActiveCfg = Release|Any CPU
		{5F5FDF54-FF52-4587-9EBE-A2542928E1F0}.Release|Any CPU.Build.0 = Release|Any CPU
		{27284A54-B922-4FAA-97A9-E6A909F515AE}.Debug|Any CPU.ActiveCfg = Debug|Any CPU
		{27284A54-B922-4FAA-97A9-E6A909F515AE}.Debug|Any CPU.Build.0 = Debug|Any CPU
		{27284A54-B922-4FAA-97A9-E6A909F515AE}.Release|Any CPU.ActiveCfg = Release|Any CPU
		{27284A54-B922-4FAA-97A9-E6A909F515AE}.Release|Any CPU.Build.0 = Release|Any CPU
		{A1AFA50C-CCD1-48BB-89A8-637ECA24A10F}.Debug|Any CPU.ActiveCfg = Debug|Any CPU
		{A1AFA50C-CCD1-48BB-89A8-637ECA24A10F}.Debug|Any CPU.Build.0 = Debug|Any CPU
		{A1AFA50C-CCD1-48BB-89A8-637ECA24A10F}.Release|Any CPU.ActiveCfg = Release|Any CPU
		{A1AFA50C-CCD1-48BB-89A8-637ECA24A10F}.Release|Any CPU.Build.0 = Release|Any CPU
		{D87F0593-E9DE-4F5F-AFD1-60B1C8A641AC}.Debug|Any CPU.ActiveCfg = Debug|Any CPU
		{D87F0593-E9DE-4F5F-AFD1-60B1C8A641AC}.Debug|Any CPU.Build.0 = Debug|Any CPU
		{D87F0593-E9DE-4F5F-AFD1-60B1C8A641AC}.Release|Any CPU.ActiveCfg = Release|Any CPU
		{D87F0593-E9DE-4F5F-AFD1-60B1C8A641AC}.Release|Any CPU.Build.0 = Release|Any CPU
		{3B7D612E-F3EF-4C6D-898E-993BC080E9FB}.Debug|Any CPU.ActiveCfg = Debug|Any CPU
		{3B7D612E-F3EF-4C6D-898E-993BC080E9FB}.Debug|Any CPU.Build.0 = Debug|Any CPU
		{3B7D612E-F3EF-4C6D-898E-993BC080E9FB}.Release|Any CPU.ActiveCfg = Release|Any CPU
		{3B7D612E-F3EF-4C6D-898E-993BC080E9FB}.Release|Any CPU.Build.0 = Release|Any CPU
		{E4BD0A1D-5C2C-4D98-84FB-9536161F932F}.Debug|Any CPU.ActiveCfg = Debug|Any CPU
		{E4BD0A1D-5C2C-4D98-84FB-9536161F932F}.Debug|Any CPU.Build.0 = Debug|Any CPU
		{E4BD0A1D-5C2C-4D98-84FB-9536161F932F}.Release|Any CPU.ActiveCfg = Release|Any CPU
		{E4BD0A1D-5C2C-4D98-84FB-9536161F932F}.Release|Any CPU.Build.0 = Release|Any CPU
		{CC9639D5-08FB-4FC0-B812-B8542B44B7F6}.Debug|Any CPU.ActiveCfg = Debug|Any CPU
		{CC9639D5-08FB-4FC0-B812-B8542B44B7F6}.Debug|Any CPU.Build.0 = Debug|Any CPU
		{CC9639D5-08FB-4FC0-B812-B8542B44B7F6}.Release|Any CPU.ActiveCfg = Release|Any CPU
		{CC9639D5-08FB-4FC0-B812-B8542B44B7F6}.Release|Any CPU.Build.0 = Release|Any CPU
		{51A79367-623E-4D9C-ACE9-5AF15A46F2DB}.Debug|Any CPU.ActiveCfg = Debug|Any CPU
		{51A79367-623E-4D9C-ACE9-5AF15A46F2DB}.Debug|Any CPU.Build.0 = Debug|Any CPU
		{51A79367-623E-4D9C-ACE9-5AF15A46F2DB}.Release|Any CPU.ActiveCfg = Release|Any CPU
		{51A79367-623E-4D9C-ACE9-5AF15A46F2DB}.Release|Any CPU.Build.0 = Release|Any CPU
		{082FB18F-6E08-4E0A-AD8B-6FDAEF7890CA}.Debug|Any CPU.ActiveCfg = Debug|Any CPU
		{082FB18F-6E08-4E0A-AD8B-6FDAEF7890CA}.Debug|Any CPU.Build.0 = Debug|Any CPU
		{082FB18F-6E08-4E0A-AD8B-6FDAEF7890CA}.Release|Any CPU.ActiveCfg = Release|Any CPU
		{082FB18F-6E08-4E0A-AD8B-6FDAEF7890CA}.Release|Any CPU.Build.0 = Release|Any CPU
		{E43458DA-824F-409C-B22B-CB1DA388E62C}.Debug|Any CPU.ActiveCfg = Debug|Any CPU
		{E43458DA-824F-409C-B22B-CB1DA388E62C}.Debug|Any CPU.Build.0 = Debug|Any CPU
		{E43458DA-824F-409C-B22B-CB1DA388E62C}.Release|Any CPU.ActiveCfg = Release|Any CPU
		{E43458DA-824F-409C-B22B-CB1DA388E62C}.Release|Any CPU.Build.0 = Release|Any CPU
		{16915644-B81D-4CC4-8376-707DB607BE5F}.Debug|Any CPU.ActiveCfg = Debug|Any CPU
		{16915644-B81D-4CC4-8376-707DB607BE5F}.Debug|Any CPU.Build.0 = Debug|Any CPU
		{16915644-B81D-4CC4-8376-707DB607BE5F}.Release|Any CPU.ActiveCfg = Release|Any CPU
		{16915644-B81D-4CC4-8376-707DB607BE5F}.Release|Any CPU.Build.0 = Release|Any CPU
	EndGlobalSection
	GlobalSection(SolutionProperties) = preSolution
		HideSolutionNode = FALSE
	EndGlobalSection
	GlobalSection(NestedProjects) = preSolution
		{5D6A39C3-2F12-4EFB-8986-209DA36FED91} = {3030D91A-59B6-457E-A0C4-8DA34C8F1FE3}
		{6074377D-FC28-41E3-A378-F01D9413D24E} = {3030D91A-59B6-457E-A0C4-8DA34C8F1FE3}
		{829DE34C-156C-4123-9482-EFDB291DC3C4} = {3030D91A-59B6-457E-A0C4-8DA34C8F1FE3}
		{44E638BE-7FF9-4864-9846-55FE2C75A9CF} = {E89998D1-D55F-440E-8E85-3066EBED3D89}
		{3723B8CA-027E-4AB6-89C3-37D523BA9E8F} = {E89998D1-D55F-440E-8E85-3066EBED3D89}
		{892B1B5E-F34B-4145-BF9F-04F1D56E364C} = {E89998D1-D55F-440E-8E85-3066EBED3D89}
		{5F5FDF54-FF52-4587-9EBE-A2542928E1F0} = {E89998D1-D55F-440E-8E85-3066EBED3D89}
		{27284A54-B922-4FAA-97A9-E6A909F515AE} = {323AB38F-8385-44B2-B336-7A522DCB06C4}
		{A1AFA50C-CCD1-48BB-89A8-637ECA24A10F} = {FE1CDF5B-5EF9-42EE-A76F-20C3715CAC08}
		{D87F0593-E9DE-4F5F-AFD1-60B1C8A641AC} = {8BFCD9C4-9148-446A-961A-01851CD1BA38}
		{3B7D612E-F3EF-4C6D-898E-993BC080E9FB} = {267A7A95-E39B-42E9-9F6A-D2BE465D4489}
		{E4BD0A1D-5C2C-4D98-84FB-9536161F932F} = {829DE34C-156C-4123-9482-EFDB291DC3C4}
		{CC9639D5-08FB-4FC0-B812-B8542B44B7F6} = {5D6A39C3-2F12-4EFB-8986-209DA36FED91}
		{51A79367-623E-4D9C-ACE9-5AF15A46F2DB} = {6074377D-FC28-41E3-A378-F01D9413D24E}
		{082FB18F-6E08-4E0A-AD8B-6FDAEF7890CA} = {206E8BA0-5FA3-498C-8843-E16BFD216136}
		{E43458DA-824F-409C-B22B-CB1DA388E62C} = {206E8BA0-5FA3-498C-8843-E16BFD216136}
		{16915644-B81D-4CC4-8376-707DB607BE5F} = {206E8BA0-5FA3-498C-8843-E16BFD216136}
	EndGlobalSection
	GlobalSection(ExtensibilityGlobals) = postSolution
		SolutionGuid = {B70B5563-907A-4B7C-B0B2-FC63E257ADE1}
	EndGlobalSection
EndGlobal
